{
  "name": "arcgis-js4-widget-savesession",
  "version": "1.0.0",
  "lockfileVersion": 1,
  "requires": true,
  "dependencies": {
    "@types/arcgis-js-api": {
      "version": "4.12.0",
      "resolved": "https://registry.npmjs.org/@types/arcgis-js-api/-/arcgis-js-api-4.12.0.tgz",
      "integrity": "sha512-hNJnuqfM1BQZR+muyqFQp8Srw8rshOIsJbSTX2G2zstIj20k09LdwZNAAVYK/QXt90vIJAUnKqP+6JrBv5l/VA=="
    }
  }
}
